Microsoft Visual Studio Solution File, Format Version 11.00
# Visual Studio 2010
Project("{FAE04EC0-301F-11D3-BF4B-00C04F79EFBC}") = "SilverlightApplication1", "SilverlightApplication1\SilverlightApplication1.csproj", "{9CCAB9D5-74D2-48B8-A97A-507A06E6AFEF}"
EndProject
Project("{FAE04EC0-301F-11D3-BF4B-00C04F79EFBC}") = "SilverlightApplication1.Web", "SilverlightApplication1.Web\SilverlightApplication1.Web.csproj", "{4E6D0F8B-080B-4652-980A-AF75BC8C8F98}"
EndProject
Global
	GlobalSection(SolutionConfigurationPlatforms) = preSolution
		Debug|Any CPU = Debug|Any CPU
		Release|Any CPU = Release|Any CPU
	EndGlobalSection
	GlobalSection(ProjectConfigurationPlatforms) = postSolution
		{9CCAB9D5-74D2-48B8-A97A-507A06E6AFEF}.Debug|Any CPU.ActiveCfg = Debug|Any CPU
		{9CCAB9D5-74D2-48B8-A97A-507A06E6AFEF}.Debug|Any CPU.Build.0 = Debug|Any CPU
		{9CCAB9D5-74D2-48B8-A97A-507A06E6AFEF}.Release|Any CPU.ActiveCfg = Release|Any CPU
		{9CCAB9D5-74D2-48B8-A97A-507A06E6AFEF}.Release|Any CPU.Build.0 = Release|Any CPU
		{4E6D0F8B-080B-4652-980A-AF75BC8C8F98}.Debug|Any CPU.ActiveCfg = Debug|Any CPU
		{4E6D0F8B-080B-4652-980A-AF75BC8C8F98}.Debug|Any CPU.Build.0 = Debug|Any CPU
		{4E6D0F8B-080B-4652-980A-AF75BC8C8F98}.Release|Any CPU.ActiveCfg = Release|Any CPU
		{4E6D0F8B-080B-4652-980A-AF75BC8C8F98}.Release|Any CPU.Build.0 = Release|Any CPU
	EndGlobalSection
	GlobalSection(SolutionProperties) = preSolution
		HideSolutionNode = FALSE
	EndGlobalSection
EndGlobal
